// !$*UTF8*$!
{
	archiveVersion = 1;
	classes = {
	};
	objectVersion = 56;
	objects = {

/* Begin PBXBuildFile section */
		7804F16A2A834E0A00F6AC60 /* EssentialFeedIOS.framework in Frameworks */ = {isa = PBXBuildFile; fileRef = 7804F1692A834E0A00F6AC60 /* EssentialFeedIOS.framework */; };
		7804F16B2A834E0A00F6AC60 /* EssentialFeedIOS.framework in Embed Frameworks */ = {isa = PBXBuildFile; fileRef = 7804F1692A834E0A00F6AC60 /* EssentialFeedIOS.framework */; settings = {ATTRIBUTES = (CodeSignOnCopy, RemoveHeadersOnCopy, ); }; };
		7804F16E2A834E1400F6AC60 /* EssentialFeeds.framework in Frameworks */ = {isa = PBXBuildFile; fileRef = 7804F16D2A834E1400F6AC60 /* EssentialFeeds.framework */; };
		7804F16F2A834E1400F6AC60 /* EssentialFeeds.framework in Embed Frameworks */ = {isa = PBXBuildFile; fileRef = 7804F16D2A834E1400F6AC60 /* EssentialFeeds.framework */; settings = {ATTRIBUTES = (CodeSignOnCopy, RemoveHeadersOnCopy, ); }; };
		7804F1772A83583300F6AC60 /* EssentialAppTests.swift in Sources */ = {isa = PBXBuildFile; fileRef = 7804F1762A83583300F6AC60 /* EssentialAppTests.swift */; };
		7804F17E2A84AFAC00F6AC60 /* FeedLoaderWithFallbackComposite.swift in Sources */ = {isa = PBXBuildFile; fileRef = 7804F17D2A84AFAC00F6AC60 /* FeedLoaderWithFallbackComposite.swift */; };
		7804F1802A84B2C800F6AC60 /* FeedImageDataLoaderWithFallbackCompositeTests.swift in Sources */ = {isa = PBXBuildFile; fileRef = 7804F17F2A84B2C800F6AC60 /* FeedImageDataLoaderWithFallbackCompositeTests.swift */; };
		7804F1822A84F01100F6AC60 /* FeedImageDataLoaderWithFallbackComposite.swift in Sources */ = {isa = PBXBuildFile; fileRef = 7804F1812A84F01000F6AC60 /* FeedImageDataLoaderWithFallbackComposite.swift */; };
		789CFBBF2A83467E0095E031 /* AppDelegate.swift in Sources */ = {isa = PBXBuildFile; fileRef = 789CFBBE2A83467E0095E031 /* AppDelegate.swift */; };
		789CFBC12A83467E0095E031 /* SceneDelegate.swift in Sources */ = {isa = PBXBuildFile; fileRef = 789CFBC02A83467E0095E031 /* SceneDelegate.swift */; };
		789CFBC32A83467E0095E031 /* ViewController.swift in Sources */ = {isa = PBXBuildFile; fileRef = 789CFBC22A83467E0095E031 /* ViewController.swift */; };
		789CFBC62A83467E0095E031 /* Main.storyboard in Resources */ = {isa = PBXBuildFile; fileRef = 789CFBC42A83467E0095E031 /* Main.storyboard */; };
		789CFBC82A8346910095E031 /* Assets.xcassets in Resources */ = {isa = PBXBuildFile; fileRef = 789CFBC72A8346910095E031 /* Assets.xcassets */; };
		789CFBCB2A8346910095E031 /* LaunchScreen.storyboard in Resources */ = {isa = PBXBuildFile; fileRef = 789CFBC92A8346910095E031 /* LaunchScreen.storyboard */; };
/* End PBXBuildFile section */

/* Begin PBXContainerItemProxy section */
		7804F1782A83583300F6AC60 /* PBXContainerItemProxy */ = {
			isa = PBXContainerItemProxy;
			containerPortal = 789CFBB32A83467E0095E031 /* Project object */;
			proxyType = 1;
			remoteGlobalIDString = 789CFBBA2A83467E0095E031;
			remoteInfo = EssentialApp;
		};
/* End PBXContainerItemProxy section */

/* Begin PBXCopyFilesBuildPhase section */
		7804F16C2A834E0A00F6AC60 /* Embed Frameworks */ = {
			isa = PBXCopyFilesBuildPhase;
			buildActionMask = 2147483647;
			dstPath = "";
			dstSubfolderSpec = 10;
			files = (
				7804F16B2A834E0A00F6AC60 /* EssentialFeedIOS.framework in Embed Frameworks */,
				7804F16F2A834E1400F6AC60 /* EssentialFeeds.framework in Embed Frameworks */,
			);
			name = "Embed Frameworks";
			runOnlyForDeploymentPostprocessing = 0;
		};
/* End PBXCopyFilesBuildPhase section */

/* Begin PBXFileReference section */
		7804F1692A834E0A00F6AC60 /* EssentialFeedIOS.framework */ = {isa = PBXFileReference; explicitFileType = wrapper.framework; path = EssentialFeedIOS.framework; sourceTree = BUILT_PRODUCTS_DIR; };
		7804F16D2A834E1400F6AC60 /* EssentialFeeds.framework */ = {isa = PBXFileReference; explicitFileType = wrapper.framework; path = EssentialFeeds.framework; sourceTree = BUILT_PRODUCTS_DIR; };
		7804F1742A83583300F6AC60 /* EssentialAppTests.xctest */ = {isa = PBXFileReference; explicitFileType = wrapper.cfbundle; includeInIndex = 0; path = EssentialAppTests.xctest; sourceTree = BUILT_PRODUCTS_DIR; };
		7804F1762A83583300F6AC60 /* EssentialAppTests.swift */ = {isa = PBXFileReference; lastKnownFileType = sourcecode.swift; path = EssentialAppTests.swift; sourceTree = "<group>"; };
		7804F17D2A84AFAC00F6AC60 /* FeedLoaderWithFallbackComposite.swift */ = {isa = PBXFileReference; lastKnownFileType = sourcecode.swift; path = FeedLoaderWithFallbackComposite.swift; sourceTree = "<group>"; };
		7804F17F2A84B2C800F6AC60 /* FeedImageDataLoaderWithFallbackCompositeTests.swift */ = {isa = PBXFileReference; lastKnownFileType = sourcecode.swift; path = FeedImageDataLoaderWithFallbackCompositeTests.swift; sourceTree = "<group>"; };
		7804F1812A84F01000F6AC60 /* FeedImageDataLoaderWithFallbackComposite.swift */ = {isa = PBXFileReference; lastKnownFileType = sourcecode.swift; path = FeedImageDataLoaderWithFallbackComposite.swift; sourceTree = "<group>"; };
		789CFBBB2A83467E0095E031 /* EssentialApp.app */ = {isa = PBXFileReference; explicitFileType = wrapper.application; includeInIndex = 0; path = EssentialApp.app; sourceTree = BUILT_PRODUCTS_DIR; };
		789CFBBE2A83467E0095E031 /* AppDelegate.swift */ = {isa = PBXFileReference; lastKnownFileType = sourcecode.swift; path = AppDelegate.swift; sourceTree = "<group>"; };
		789CFBC02A83467E0095E031 /* SceneDelegate.swift */ = {isa = PBXFileReference; lastKnownFileType = sourcecode.swift; path = SceneDelegate.swift; sourceTree = "<group>"; };
		789CFBC22A83467E0095E031 /* ViewController.swift */ = {isa = PBXFileReference; lastKnownFileType = sourcecode.swift; path = ViewController.swift; sourceTree = "<group>"; };
		789CFBC52A83467E0095E031 /* Base */ = {isa = PBXFileReference; lastKnownFileType = file.storyboard; name = Base; path = Base.lproj/Main.storyboard; sourceTree = "<group>"; };
		789CFBC72A8346910095E031 /* Assets.xcassets */ = {isa = PBXFileReference; lastKnownFileType = folder.assetcatalog; path = Assets.xcassets; sourceTree = "<group>"; };
		789CFBCA2A8346910095E031 /* Base */ = {isa = PBXFileReference; lastKnownFileType = file.storyboard; name = Base; path = Base.lproj/LaunchScreen.storyboard; sourceTree = "<group>"; };
		789CFBCC2A8346910095E031 /* Info.plist */ = {isa = PBXFileReference; lastKnownFileType = text.plist.xml; path = Info.plist; sourceTree = "<group>"; };
/* End PBXFileReference section */

/* Begin PBXFrameworksBuildPhase section */
		7804F1712A83583300F6AC60 /* Frameworks */ = {
			isa = PBXFrameworksBuildPhase;
			buildActionMask = 2147483647;
			files = (
			);
			runOnlyForDeploymentPostprocessing = 0;
		};
		789CFBB82A83467E0095E031 /* Frameworks */ = {
			isa = PBXFrameworksBuildPhase;
			buildActionMask = 2147483647;
			files = (
				7804F16A2A834E0A00F6AC60 /* EssentialFeedIOS.framework in Frameworks */,
				7804F16E2A834E1400F6AC60 /* EssentialFeeds.framework in Frameworks */,
			);
			runOnlyForDeploymentPostprocessing = 0;
		};
/* End PBXFrameworksBuildPhase section */

/* Begin PBXGroup section */
		7804F1682A834E0A00F6AC60 /* Frameworks */ = {
			isa = PBXGroup;
			children = (
				7804F16D2A834E1400F6AC60 /* EssentialFeeds.framework */,
				7804F1692A834E0A00F6AC60 /* EssentialFeedIOS.framework */,
			);
			name = Frameworks;
			sourceTree = "<group>";
		};
		7804F1752A83583300F6AC60 /* EssentialAppTests */ = {
			isa = PBXGroup;
			children = (
				7804F1762A83583300F6AC60 /* EssentialAppTests.swift */,
				7804F17F2A84B2C800F6AC60 /* FeedImageDataLoaderWithFallbackCompositeTests.swift */,
			);
			path = EssentialAppTests;
			sourceTree = "<group>";
		};
		789CFBB22A83467E0095E031 = {
			isa = PBXGroup;
			children = (
				789CFBBD2A83467E0095E031 /* EssentialApp */,
				7804F1752A83583300F6AC60 /* EssentialAppTests */,
				789CFBBC2A83467E0095E031 /* Products */,
				7804F1682A834E0A00F6AC60 /* Frameworks */,
			);
			sourceTree = "<group>";
		};
		789CFBBC2A83467E0095E031 /* Products */ = {
			isa = PBXGroup;
			children = (
				789CFBBB2A83467E0095E031 /* EssentialApp.app */,
				7804F1742A83583300F6AC60 /* EssentialAppTests.xctest */,
			);
			name = Products;
			sourceTree = "<group>";
		};
		789CFBBD2A83467E0095E031 /* EssentialApp */ = {
			isa = PBXGroup;
			children = (
				789CFBBE2A83467E0095E031 /* AppDelegate.swift */,
				789CFBC02A83467E0095E031 /* SceneDelegate.swift */,
				789CFBC22A83467E0095E031 /* ViewController.swift */,
				789CFBC42A83467E0095E031 /* Main.storyboard */,
				789CFBC72A8346910095E031 /* Assets.xcassets */,
				789CFBC92A8346910095E031 /* LaunchScreen.storyboard */,
				789CFBCC2A8346910095E031 /* Info.plist */,
				7804F17D2A84AFAC00F6AC60 /* FeedLoaderWithFallbackComposite.swift */,
				7804F1812A84F01000F6AC60 /* FeedImageDataLoaderWithFallbackComposite.swift */,
			);
			path = EssentialApp;
			sourceTree = "<group>";
		};
/* End PBXGroup section */

/* Begin PBXNativeTarget section */
		7804F1732A83583300F6AC60 /* EssentialAppTests */ = {
			isa = PBXNativeTarget;
			buildConfigurationList = 7804F17C2A83583300F6AC60 /* Build configuration list for PBXNativeTarget "EssentialAppTests" */;
			buildPhases = (
				7804F1702A83583300F6AC60 /* Sources */,
				7804F1712A83583300F6AC60 /* Frameworks */,
				7804F1722A83583300F6AC60 /* Resources */,
			);
			buildRules = (
			);
			dependencies = (
				7804F1792A83583300F6AC60 /* PBXTargetDependency */,
			);
			name = EssentialAppTests;
			productName = EssentialAppTests;
			productReference = 7804F1742A83583300F6AC60 /* EssentialAppTests.xctest */;
			productType = "com.apple.product-type.bundle.unit-test";
		};
		789CFBBA2A83467E0095E031 /* EssentialApp */ = {
			isa = PBXNativeTarget;
			buildConfigurationList = 789CFBCF2A8346910095E031 /* Build configuration list for PBXNativeTarget "EssentialApp" */;
			buildPhases = (
				789CFBB72A83467E0095E031 /* Sources */,
				789CFBB82A83467E0095E031 /* Frameworks */,
				789CFBB92A83467E0095E031 /* Resources */,
				7804F16C2A834E0A00F6AC60 /* Embed Frameworks */,
			);
			buildRules = (
			);
			dependencies = (
			);
			name = EssentialApp;
			productName = EssentialApp;
			productReference = 789CFBBB2A83467E0095E031 /* EssentialApp.app */;
			productType = "com.apple.product-type.application";
		};
/* End PBXNativeTarget section */

/* Begin PBXProject section */
		789CFBB32A83467E0095E031 /* Project object */ = {
			isa = PBXProject;
			attributes = {
				BuildIndependentTargetsInParallel = 1;
				LastSwiftUpdateCheck = 1420;
				LastUpgradeCheck = 1420;
				TargetAttributes = {
					7804F1732A83583300F6AC60 = {
						CreatedOnToolsVersion = 14.2;
						TestTargetID = 789CFBBA2A83467E0095E031;
					};
					789CFBBA2A83467E0095E031 = {
						CreatedOnToolsVersion = 14.2;
					};
				};
			};
			buildConfigurationList = 789CFBB62A83467E0095E031 /* Build configuration list for PBXProject "EssentialApp" */;
			compatibilityVersion = "Xcode 14.0";
			developmentRegion = en;
			hasScannedForEncodings = 0;
			knownRegions = (
				en,
				Base,
			);
			mainGroup = 789CFBB22A83467E0095E031;
			productRefGroup = 789CFBBC2A83467E0095E031 /* Products */;
			projectDirPath = "";
			projectRoot = "";
			targets = (
				789CFBBA2A83467E0095E031 /* EssentialApp */,
				7804F1732A83583300F6AC60 /* EssentialAppTests */,
			);
		};
/* End PBXProject section */

/* Begin PBXResourcesBuildPhase section */
		7804F1722A83583300F6AC60 /* Resources */ = {
			isa = PBXResourcesBuildPhase;
			buildActionMask = 2147483647;
			files = (
			);
			runOnlyForDeploymentPostprocessing = 0;
		};
		789CFBB92A83467E0095E031 /* Resources */ = {
			isa = PBXResourcesBuildPhase;
			buildActionMask = 2147483647;
			files = (
				789CFBCB2A8346910095E031 /* LaunchScreen.storyboard in Resources */,
				789CFBC82A8346910095E031 /* Assets.xcassets in Resources */,
				789CFBC62A83467E0095E031 /* Main.storyboard in Resources */,
			);
			runOnlyForDeploymentPostprocessing = 0;
		};
/* End PBXResourcesBuildPhase section */

/* Begin PBXSourcesBuildPhase section */
		7804F1702A83583300F6AC60 /* Sources */ = {
			isa = PBXSourcesBuildPhase;
			buildActionMask = 2147483647;
			files = (
				7804F1802A84B2C800F6AC60 /* FeedImageDataLoaderWithFallbackCompositeTests.swift in Sources */,
				7804F1772A83583300F6AC60 /* EssentialAppTests.swift in Sources */,
			);
			runOnlyForDeploymentPostprocessing = 0;
		};
		789CFBB72A83467E0095E031 /* Sources */ = {
			isa = PBXSourcesBuildPhase;
			buildActionMask = 2147483647;
			files = (
				789CFBC32A83467E0095E031 /* ViewController.swift in Sources */,
				789CFBBF2A83467E0095E031 /* AppDelegate.swift in Sources */,
				7804F17E2A84AFAC00F6AC60 /* FeedLoaderWithFallbackComposite.swift in Sources */,
				789CFBC12A83467E0095E031 /* SceneDelegate.swift in Sources */,
				7804F1822A84F01100F6AC60 /* FeedImageDataLoaderWithFallbackComposite.swift in Sources */,
			);
			runOnlyForDeploymentPostprocessing = 0;
		};
/* End PBXSourcesBuildPhase section */

/* Begin PBXTargetDependency section */
		7804F1792A83583300F6AC60 /* PBXTargetDependency */ = {
			isa = PBXTargetDependency;
			target = 789CFBBA2A83467E0095E031 /* EssentialApp */;
			targetProxy = 7804F1782A83583300F6AC60 /* PBXContainerItemProxy */;
		};
/* End PBXTargetDependency section */

/* Begin PBXVariantGroup section */
		789CFBC42A83467E0095E031 /* Main.storyboard */ = {
			isa = PBXVariantGroup;
			children = (
				789CFBC52A83467E0095E031 /* Base */,
			);
			name = Main.storyboard;
			sourceTree = "<group>";
		};
		789CFBC92A8346910095E031 /* LaunchScreen.storyboard */ = {
			isa = PBXVariantGroup;
			children = (
				789CFBCA2A8346910095E031 /* Base */,
			);
			name = LaunchScreen.storyboard;
			sourceTree = "<group>";
		};
/* End PBXVariantGroup section */

/* Begin XCBuildConfiguration section */
		7804F17A2A83583300F6AC60 /* Debug */ = {
			isa = XCBuildConfiguration;
			buildSettings = {
				BUNDLE_LOADER = "$(TEST_HOST)";
				CODE_SIGN_STYLE = Automatic;
				CURRENT_PROJECT_VERSION = 1;
				GENERATE_INFOPLIST_FILE = YES;
				MARKETING_VERSION = 1.0;
				PRODUCT_BUNDLE_IDENTIFIER = com.myself.EssentialAppTests;
				PRODUCT_NAME = "$(TARGET_NAME)";
				SWIFT_EMIT_LOC_STRINGS = NO;
				SWIFT_VERSION = 5.0;
				TARGETED_DEVICE_FAMILY = "1,2";
				TEST_HOST = "$(BUILT_PRODUCTS_DIR)/EssentialApp.app/$(BUNDLE_EXECUTABLE_FOLDER_PATH)/EssentialApp";
			};
			name = Debug;
		};
		7804F17B2A83583300F6AC60 /* Release */ = {
			isa = XCBuildConfiguration;
			buildSettings = {
				BUNDLE_LOADER = "$(TEST_HOST)";
				CODE_SIGN_STYLE = Automatic;
				CURRENT_PROJECT_VERSION = 1;
				GENERATE_INFOPLIST_FILE = YES;
				MARKETING_VERSION = 1.0;
				PRODUCT_BUNDLE_IDENTIFIER = com.myself.EssentialAppTests;
				PRODUCT_NAME = "$(TARGET_NAME)";
				SWIFT_EMIT_LOC_STRINGS = NO;
				SWIFT_VERSION = 5.0;
				TARGETED_DEVICE_FAMILY = "1,2";
				TEST_HOST = "$(BUILT_PRODUCTS_DIR)/EssentialApp.app/$(BUNDLE_EXECUTABLE_FOLDER_PATH)/EssentialApp";
			};
			name = Release;
		};
		789CFBCD2A8346910095E031 /* Debug */ = {
			isa = XCBuildConfiguration;
			buildSettings = {
				ALWAYS_SEARCH_USER_PATHS = NO;
				CLANG_ANALYZER_NONNULL = YES;
				CLANG_ANALYZER_NUMBER_OBJECT_CONVERSION = YES_AGGRESSIVE;
				CLANG_CXX_LANGUAGE_STANDARD = "gnu++20";
				CLANG_ENABLE_MODULES = YES;
				CLANG_ENABLE_OBJC_ARC = YES;
				CLANG_ENABLE_OBJC_WEAK = YES;
				CLANG_WARN_BLOCK_CAPTURE_AUTORELEASING = YES;
				CLANG_WARN_BOOL_CONVERSION = YES;
				CLANG_WARN_COMMA = YES;
				CLANG_WARN_CONSTANT_CONVERSION = YES;
				CLANG_WARN_DEPRECATED_OBJC_IMPLEMENTATIONS = YES;
				CLANG_WARN_DIRECT_OBJC_ISA_USAGE = YES_ERROR;
				CLANG_WARN_DOCUMENTATION_COMMENTS = YES;
				CLANG_WARN_EMPTY_BODY = YES;
				CLANG_WARN_ENUM_CONVERSION = YES;
				CLANG_WARN_INFINITE_RECURSION = YES;
				CLANG_WARN_INT_CONVERSION = YES;
				CLANG_WARN_NON_LITERAL_NULL_CONVERSION = YES;
				CLANG_WARN_OBJC_IMPLICIT_RETAIN_SELF = YES;
				CLANG_WARN_OBJC_LITERAL_CONVERSION = YES;
				CLANG_WARN_OBJC_ROOT_CLASS = YES_ERROR;
				CLANG_WARN_QUOTED_INCLUDE_IN_FRAMEWORK_HEADER = YES;
				CLANG_WARN_RANGE_LOOP_ANALYSIS = YES;
				CLANG_WARN_STRICT_PROTOTYPES = YES;
				CLANG_WARN_SUSPICIOUS_MOVE = YES;
				CLANG_WARN_UNGUARDED_AVAILABILITY = YES_AGGRESSIVE;
				CLANG_WARN_UNREACHABLE_CODE = YES;
				CLANG_WARN__DUPLICATE_METHOD_MATCH = YES;
				COPY_PHASE_STRIP = NO;
				DEBUG_INFORMATION_FORMAT = dwarf;
				ENABLE_STRICT_OBJC_MSGSEND = YES;
				ENABLE_TESTABILITY = YES;
				GCC_C_LANGUAGE_STANDARD = gnu11;
				GCC_DYNAMIC_NO_PIC = NO;
				GCC_NO_COMMON_BLOCKS = YES;
				GCC_OPTIMIZATION_LEVEL = 0;
				GCC_PREPROCESSOR_DEFINITIONS = (
					"DEBUG=1",
					"$(inherited)",
				);
				GCC_WARN_64_TO_32_BIT_CONVERSION = YES;
				GCC_WARN_ABOUT_RETURN_TYPE = YES_ERROR;
				GCC_WARN_UNDECLARED_SELECTOR = YES;
				GCC_WARN_UNINITIALIZED_AUTOS = YES_AGGRESSIVE;
				GCC_WARN_UNUSED_FUNCTION = YES;
				GCC_WARN_UNUSED_VARIABLE = YES;
				IPHONEOS_DEPLOYMENT_TARGET = 16.2;
				MTL_ENABLE_DEBUG_INFO = INCLUDE_SOURCE;
				MTL_FAST_MATH = YES;
				ONLY_ACTIVE_ARCH = YES;
				SDKROOT = iphoneos;
				SWIFT_ACTIVE_COMPILATION_CONDITIONS = DEBUG;
				SWIFT_OPTIMIZATION_LEVEL = "-Onone";
			};
			name = Debug;
		};
		789CFBCE2A8346910095E031 /* Release */ = {
			isa = XCBuildConfiguration;
			buildSettings = {
				ALWAYS_SEARCH_USER_PATHS = NO;
				CLANG_ANALYZER_NONNULL = YES;
				CLANG_ANALYZER_NUMBER_OBJECT_CONVERSION = YES_AGGRESSIVE;
				CLANG_CXX_LANGUAGE_STANDARD = "gnu++20";
				CLANG_ENABLE_MODULES = YES;
				CLANG_ENABLE_OBJC_ARC = YES;
				CLANG_ENABLE_OBJC_WEAK = YES;
				CLANG_WARN_BLOCK_CAPTURE_AUTORELEASING = YES;
				CLANG_WARN_BOOL_CONVERSION = YES;
				CLANG_WARN_COMMA = YES;
				CLANG_WARN_CONSTANT_CONVERSION = YES;
				CLANG_WARN_DEPRECATED_OBJC_IMPLEMENTATIONS = YES;
				CLANG_WARN_DIRECT_OBJC_ISA_USAGE = YES_ERROR;
				CLANG_WARN_DOCUMENTATION_COMMENTS = YES;
				CLANG_WARN_EMPTY_BODY = YES;
				CLANG_WARN_ENUM_CONVERSION = YES;
				CLANG_WARN_INFINITE_RECURSION = YES;
				CLANG_WARN_INT_CONVERSION = YES;
				CLANG_WARN_NON_LITERAL_NULL_CONVERSION = YES;
				CLANG_WARN_OBJC_IMPLICIT_RETAIN_SELF = YES;
				CLANG_WARN_OBJC_LITERAL_CONVERSION = YES;
				CLANG_WARN_OBJC_ROOT_CLASS = YES_ERROR;
				CLANG_WARN_QUOTED_INCLUDE_IN_FRAMEWORK_HEADER = YES;
				CLANG_WARN_RANGE_LOOP_ANALYSIS = YES;
				CLANG_WARN_STRICT_PROTOTYPES = YES;
				CLANG_WARN_SUSPICIOUS_MOVE = YES;
				CLANG_WARN_UNGUARDED_AVAILABILITY = YES_AGGRESSIVE;
				CLANG_WARN_UNREACHABLE_CODE = YES;
				CLANG_WARN__DUPLICATE_METHOD_MATCH = YES;
				COPY_PHASE_STRIP = NO;
				DEBUG_INFORMATION_FORMAT = "dwarf-with-dsym";
				ENABLE_NS_ASSERTIONS = NO;
				ENABLE_STRICT_OBJC_MSGSEND = YES;
				GCC_C_LANGUAGE_STANDARD = gnu11;
				GCC_NO_COMMON_BLOCKS = YES;
				GCC_WARN_64_TO_32_BIT_CONVERSION = YES;
				GCC_WARN_ABOUT_RETURN_TYPE = YES_ERROR;
				GCC_WARN_UNDECLARED_SELECTOR = YES;
				GCC_WARN_UNINITIALIZED_AUTOS = YES_AGGRESSIVE;
				GCC_WARN_UNUSED_FUNCTION = YES;
				GCC_WARN_UNUSED_VARIABLE = YES;
				IPHONEOS_DEPLOYMENT_TARGET = 16.2;
				MTL_ENABLE_DEBUG_INFO = NO;
				MTL_FAST_MATH = YES;
				SDKROOT = iphoneos;
				SWIFT_COMPILATION_MODE = wholemodule;
				SWIFT_OPTIMIZATION_LEVEL = "-O";
				VALIDATE_PRODUCT = YES;
			};
			name = Release;
		};
		789CFBD02A8346910095E031 /* Debug */ = {
			isa = XCBuildConfiguration;
			buildSettings = {
				ASSETCATALOG_COMPILER_APPICON_NAME = AppIcon;
				ASSETCATALOG_COMPILER_GLOBAL_ACCENT_COLOR_NAME = AccentColor;
				CODE_SIGN_STYLE = Automatic;
				CURRENT_PROJECT_VERSION = 1;
				GENERATE_INFOPLIST_FILE = YES;
				INFOPLIST_FILE = EssentialApp/Info.plist;
				INFOPLIST_KEY_UIApplicationSupportsIndirectInputEvents = YES;
				INFOPLIST_KEY_UILaunchStoryboardName = LaunchScreen;
				INFOPLIST_KEY_UIMainStoryboardFile = Main;
				INFOPLIST_KEY_UISupportedInterfaceOrientations = UIInterfaceOrientationPortrait;
				LD_RUNPATH_SEARCH_PATHS = (
					"$(inherited)",
					"@executable_path/Frameworks",
				);
				MARKETING_VERSION = 1.0;
				PRODUCT_BUNDLE_IDENTIFIER = com.myself.EssentialApp;
				PRODUCT_NAME = "$(TARGET_NAME)";
				SWIFT_EMIT_LOC_STRINGS = YES;
				SWIFT_VERSION = 5.0;
				TARGETED_DEVICE_FAMILY = "1,2";
			};
			name = Debug;
		};
		789CFBD12A8346910095E031 /* Release */ = {
			isa = XCBuildConfiguration;
			buildSettings = {
				ASSETCATALOG_COMPILER_APPICON_NAME = AppIcon;
				ASSETCATALOG_COMPILER_GLOBAL_ACCENT_COLOR_NAME = AccentColor;
				CODE_SIGN_STYLE = Automatic;
				CURRENT_PROJECT_VERSION = 1;
				GENERATE_INFOPLIST_FILE = YES;
				INFOPLIST_FILE = EssentialApp/Info.plist;
				INFOPLIST_KEY_UIApplicationSupportsIndirectInputEvents = YES;
				INFOPLIST_KEY_UILaunchStoryboardName = LaunchScreen;
				INFOPLIST_KEY_UIMainStoryboardFile = Main;
				INFOPLIST_KEY_UISupportedInterfaceOrientations = UIInterfaceOrientationPortrait;
				LD_RUNPATH_SEARCH_PATHS = (
					"$(inherited)",
					"@executable_path/Frameworks",
				);
				MARKETING_VERSION = 1.0;
				PRODUCT_BUNDLE_IDENTIFIER = com.myself.EssentialApp;
				PRODUCT_NAME = "$(TARGET_NAME)";
				SWIFT_EMIT_LOC_STRINGS = YES;
				SWIFT_VERSION = 5.0;
				TARGETED_DEVICE_FAMILY = "1,2";
			};
			name = Release;
		};
/* End XCBuildConfiguration section */

/* Begin XCConfigurationList section */
		7804F17C2A83583300F6AC60 /* Build configuration list for PBXNativeTarget "EssentialAppTests" */ = {
			isa = XCConfigurationList;
			buildConfigurations = (
				7804F17A2A83583300F6AC60 /* Debug */,
				7804F17B2A83583300F6AC60 /* Release */,
			);
			defaultConfigurationIsVisible = 0;
			defaultConfigurationName = Release;
		};
		789CFBB62A83467E0095E031 /* Build configuration list for PBXProject "EssentialApp" */ = {
			isa = XCConfigurationList;
			buildConfigurations = (
				789CFBCD2A8346910095E031 /* Debug */,
				789CFBCE2A8346910095E031 /* Release */,
			);
			defaultConfigurationIsVisible = 0;
			defaultConfigurationName = Release;
		};
		789CFBCF2A8346910095E031 /* Build configuration list for PBXNativeTarget "EssentialApp" */ = {
			isa = XCConfigurationList;
			buildConfigurations = (
				789CFBD02A8346910095E031 /* Debug */,
				789CFBD12A8346910095E031 /* Release */,
			);
			defaultConfigurationIsVisible = 0;
			defaultConfigurationName = Release;
		};
/* End XCConfigurationList section */
	};
	rootObject = 789CFBB32A83467E0095E031 /* Project object */;
}
