// !$*UTF8*$!
{
	archiveVersion = 1;
	classes = {
	};
	objectVersion = 56;
	objects = {

/* Begin PBXBuildFile section */
		7804F16A2A834E0A00F6AC60 /* EssentialFeedIOS.framework in Frameworks */ = {isa = PBXBuildFile; fileRef = 7804F1692A834E0A00F6AC60 /* EssentialFeedIOS.framework */; };
		7804F16B2A834E0A00F6AC60 /* EssentialFeedIOS.framework in Embed Frameworks */ = {isa = PBXBuildFile; fileRef = 7804F1692A834E0A00F6AC60 /* EssentialFeedIOS.framework */; settings = {ATTRIBUTES = (CodeSignOnCopy, RemoveHeadersOnCopy, ); }; };
		7804F16E2A834E1400F6AC60 /* EssentialFeeds.framework in Frameworks */ = {isa = PBXBuildFile; fileRef = 7804F16D2A834E1400F6AC60 /* EssentialFeeds.framework */; };
		7804F16F2A834E1400F6AC60 /* EssentialFeeds.framework in Embed Frameworks */ = {isa = PBXBuildFile; fileRef = 7804F16D2A834E1400F6AC60 /* EssentialFeeds.framework */; settings = {ATTRIBUTES = (CodeSignOnCopy, RemoveHeadersOnCopy, ); }; };
		7804F1772A83583300F6AC60 /* RemoteWithLocalFallbackFeedLoaderTest.swift in Sources */ = {isa = PBXBuildFile; fileRef = 7804F1762A83583300F6AC60 /* RemoteWithLocalFallbackFeedLoaderTest.swift */; };
		7804F17E2A84AFAC00F6AC60 /* FeedLoaderWithFallbackComposite.swift in Sources */ = {isa = PBXBuildFile; fileRef = 7804F17D2A84AFAC00F6AC60 /* FeedLoaderWithFallbackComposite.swift */; };
		7804F1802A84B2C800F6AC60 /* FeedImageDataLoaderWithFallbackCompositeTests.swift in Sources */ = {isa = PBXBuildFile; fileRef = 7804F17F2A84B2C800F6AC60 /* FeedImageDataLoaderWithFallbackCompositeTests.swift */; };
		7804F1822A84F01100F6AC60 /* FeedImageDataLoaderWithFallbackComposite.swift in Sources */ = {isa = PBXBuildFile; fileRef = 7804F1812A84F01000F6AC60 /* FeedImageDataLoaderWithFallbackComposite.swift */; };
		7804F1852A84F0E300F6AC60 /* XCTestCase+MemoryLeak.swift in Sources */ = {isa = PBXBuildFile; fileRef = 7804F1842A84F0E300F6AC60 /* XCTestCase+MemoryLeak.swift */; };
		7804F1872A84F16500F6AC60 /* SharedTestHelpers.swift in Sources */ = {isa = PBXBuildFile; fileRef = 7804F1862A84F16500F6AC60 /* SharedTestHelpers.swift */; };
		78110B162AA7550A0095FED7 /* HTTPClientStub.swift in Sources */ = {isa = PBXBuildFile; fileRef = 78110B152AA7550A0095FED7 /* HTTPClientStub.swift */; };
		78110B182AA755900095FED7 /* InMemoryFeedStore.swift in Sources */ = {isa = PBXBuildFile; fileRef = 78110B172AA755900095FED7 /* InMemoryFeedStore.swift */; };
		7879888E2AB1B1C600A9EFB9 /* CombineHelpers.swift in Sources */ = {isa = PBXBuildFile; fileRef = 7879888D2AB1B1C600A9EFB9 /* CombineHelpers.swift */; };
		788857392AA1F88E0052B4D3 /* SceneDelegateTest.swift in Sources */ = {isa = PBXBuildFile; fileRef = 788857382AA1F88E0052B4D3 /* SceneDelegateTest.swift */; };
		7888573F2AA209740052B4D3 /* FeedUIIntegrationTests.swift in Sources */ = {isa = PBXBuildFile; fileRef = 7888573E2AA209730052B4D3 /* FeedUIIntegrationTests.swift */; };
		788857442AA20A5D0052B4D3 /* MainQueueDispatchDecorator.swift in Sources */ = {isa = PBXBuildFile; fileRef = 788857422AA20A5C0052B4D3 /* MainQueueDispatchDecorator.swift */; };
		788857452AA20A5D0052B4D3 /* FeedUIComposer.swift in Sources */ = {isa = PBXBuildFile; fileRef = 788857432AA20A5C0052B4D3 /* FeedUIComposer.swift */; };
		7893DF162AA4AB8200437058 /* FeedAcceptenceTest.swift in Sources */ = {isa = PBXBuildFile; fileRef = 7893DF152AA4AB8200437058 /* FeedAcceptenceTest.swift */; };
		78982DF52AB03E45005BDAF6 /* UIView+TestHelpers.swift in Sources */ = {isa = PBXBuildFile; fileRef = 78982DF42AB03E45005BDAF6 /* UIView+TestHelpers.swift */; };
		789C52B22AB99B8400838AC7 /* CommentsUIIntegrationTests.swift in Sources */ = {isa = PBXBuildFile; fileRef = 789C52B12AB99B8400838AC7 /* CommentsUIIntegrationTests.swift */; };
		789C52B42AB9A37A00838AC7 /* CommentsUIComposer.swift in Sources */ = {isa = PBXBuildFile; fileRef = 789C52B32AB9A37A00838AC7 /* CommentsUIComposer.swift */; };
		789C52B62AB9ACF900838AC7 /* XCTestCase+Helpers.swift in Sources */ = {isa = PBXBuildFile; fileRef = 789C52B52AB9ACF900838AC7 /* XCTestCase+Helpers.swift */; };
		789C52B82AB9AD7B00838AC7 /* FeedUIIntegration+LoaderSpy.swift in Sources */ = {isa = PBXBuildFile; fileRef = 789C52B72AB9AD7B00838AC7 /* FeedUIIntegration+LoaderSpy.swift */; };
		789CFBBF2A83467E0095E031 /* AppDelegate.swift in Sources */ = {isa = PBXBuildFile; fileRef = 789CFBBE2A83467E0095E031 /* AppDelegate.swift */; };
		789CFBC12A83467E0095E031 /* SceneDelegate.swift in Sources */ = {isa = PBXBuildFile; fileRef = 789CFBC02A83467E0095E031 /* SceneDelegate.swift */; };
		789CFBC32A83467E0095E031 /* ViewController.swift in Sources */ = {isa = PBXBuildFile; fileRef = 789CFBC22A83467E0095E031 /* ViewController.swift */; };
		789CFBC82A8346910095E031 /* Assets.xcassets in Resources */ = {isa = PBXBuildFile; fileRef = 789CFBC72A8346910095E031 /* Assets.xcassets */; };
		789CFBCB2A8346910095E031 /* LaunchScreen.storyboard in Resources */ = {isa = PBXBuildFile; fileRef = 789CFBC92A8346910095E031 /* LaunchScreen.storyboard */; };
		78FE02442A85ECAE00328B03 /* FeedLoaderCacheDecoratorTest.swift in Sources */ = {isa = PBXBuildFile; fileRef = 78FE02432A85ECAE00328B03 /* FeedLoaderCacheDecoratorTest.swift */; };
		78FE02462A85EFD800328B03 /* FeedLoaderStub.swift in Sources */ = {isa = PBXBuildFile; fileRef = 78FE02452A85EFD800328B03 /* FeedLoaderStub.swift */; };
		78FE02482A85F19200328B03 /* XCTestCase+FeedLoader.swift in Sources */ = {isa = PBXBuildFile; fileRef = 78FE02472A85F19200328B03 /* XCTestCase+FeedLoader.swift */; };
		78FE024C2A86002900328B03 /* FeedLoaderCacheDecorator.swift in Sources */ = {isa = PBXBuildFile; fileRef = 78FE024B2A86002900328B03 /* FeedLoaderCacheDecorator.swift */; };
		78FE02502A8639F800328B03 /* FeedImageDataLoaderSpy.swift in Sources */ = {isa = PBXBuildFile; fileRef = 78FE024F2A8639F800328B03 /* FeedImageDataLoaderSpy.swift */; };
		78FE02522A8740E000328B03 /* XCTestCase+FeedImageDataLoader.swift in Sources */ = {isa = PBXBuildFile; fileRef = 78FE02512A8740E000328B03 /* XCTestCase+FeedImageDataLoader.swift */; };
		78FE02542A87453B00328B03 /* FeedImageDataLoaderCacheDecoratorTest.swift in Sources */ = {isa = PBXBuildFile; fileRef = 78FE02532A87453B00328B03 /* FeedImageDataLoaderCacheDecoratorTest.swift */; };
		78FE02582A87482D00328B03 /* FeedImageDataLoaderCacheDecorator.swift in Sources */ = {isa = PBXBuildFile; fileRef = 78FE02572A87482D00328B03 /* FeedImageDataLoaderCacheDecorator.swift */; };
/* End PBXBuildFile section */

/* Begin PBXContainerItemProxy section */
		7804F1782A83583300F6AC60 /* PBXContainerItemProxy */ = {
			isa = PBXContainerItemProxy;
			containerPortal = 789CFBB32A83467E0095E031 /* Project object */;
			proxyType = 1;
			remoteGlobalIDString = 789CFBBA2A83467E0095E031;
			remoteInfo = EssentialApp;
		};
		78FE02632A8750AA00328B03 /* PBXContainerItemProxy */ = {
			isa = PBXContainerItemProxy;
			containerPortal = 789CFBB32A83467E0095E031 /* Project object */;
			proxyType = 1;
			remoteGlobalIDString = 789CFBBA2A83467E0095E031;
			remoteInfo = EssentialApp;
		};
/* End PBXContainerItemProxy section */

/* Begin PBXCopyFilesBuildPhase section */
		7804F16C2A834E0A00F6AC60 /* Embed Frameworks */ = {
			isa = PBXCopyFilesBuildPhase;
			buildActionMask = 2147483647;
			dstPath = "";
			dstSubfolderSpec = 10;
			files = (
				7804F16B2A834E0A00F6AC60 /* EssentialFeedIOS.framework in Embed Frameworks */,
				7804F16F2A834E1400F6AC60 /* EssentialFeeds.framework in Embed Frameworks */,
			);
			name = "Embed Frameworks";
			runOnlyForDeploymentPostprocessing = 0;
		};
/* End PBXCopyFilesBuildPhase section */

/* Begin PBXFileReference section */
		7804F1692A834E0A00F6AC60 /* EssentialFeedIOS.framework */ = {isa = PBXFileReference; explicitFileType = wrapper.framework; path = EssentialFeedIOS.framework; sourceTree = BUILT_PRODUCTS_DIR; };
		7804F16D2A834E1400F6AC60 /* EssentialFeeds.framework */ = {isa = PBXFileReference; explicitFileType = wrapper.framework; path = EssentialFeeds.framework; sourceTree = BUILT_PRODUCTS_DIR; };
		7804F1742A83583300F6AC60 /* EssentialAppTests.xctest */ = {isa = PBXFileReference; explicitFileType = wrapper.cfbundle; includeInIndex = 0; path = EssentialAppTests.xctest; sourceTree = BUILT_PRODUCTS_DIR; };
		7804F1762A83583300F6AC60 /* RemoteWithLocalFallbackFeedLoaderTest.swift */ = {isa = PBXFileReference; lastKnownFileType = sourcecode.swift; path = RemoteWithLocalFallbackFeedLoaderTest.swift; sourceTree = "<group>"; };
		7804F17D2A84AFAC00F6AC60 /* FeedLoaderWithFallbackComposite.swift */ = {isa = PBXFileReference; lastKnownFileType = sourcecode.swift; path = FeedLoaderWithFallbackComposite.swift; sourceTree = "<group>"; };
		7804F17F2A84B2C800F6AC60 /* FeedImageDataLoaderWithFallbackCompositeTests.swift */ = {isa = PBXFileReference; lastKnownFileType = sourcecode.swift; path = FeedImageDataLoaderWithFallbackCompositeTests.swift; sourceTree = "<group>"; };
		7804F1812A84F01000F6AC60 /* FeedImageDataLoaderWithFallbackComposite.swift */ = {isa = PBXFileReference; lastKnownFileType = sourcecode.swift; path = FeedImageDataLoaderWithFallbackComposite.swift; sourceTree = "<group>"; };
		7804F1842A84F0E300F6AC60 /* XCTestCase+MemoryLeak.swift */ = {isa = PBXFileReference; lastKnownFileType = sourcecode.swift; path = "XCTestCase+MemoryLeak.swift"; sourceTree = "<group>"; };
		7804F1862A84F16500F6AC60 /* SharedTestHelpers.swift */ = {isa = PBXFileReference; lastKnownFileType = sourcecode.swift; path = SharedTestHelpers.swift; sourceTree = "<group>"; };
		78110B152AA7550A0095FED7 /* HTTPClientStub.swift */ = {isa = PBXFileReference; lastKnownFileType = sourcecode.swift; path = HTTPClientStub.swift; sourceTree = "<group>"; };
		78110B172AA755900095FED7 /* InMemoryFeedStore.swift */ = {isa = PBXFileReference; lastKnownFileType = sourcecode.swift; path = InMemoryFeedStore.swift; sourceTree = "<group>"; };
		7879888D2AB1B1C600A9EFB9 /* CombineHelpers.swift */ = {isa = PBXFileReference; lastKnownFileType = sourcecode.swift; path = CombineHelpers.swift; sourceTree = "<group>"; };
		788857382AA1F88E0052B4D3 /* SceneDelegateTest.swift */ = {isa = PBXFileReference; lastKnownFileType = sourcecode.swift; path = SceneDelegateTest.swift; sourceTree = "<group>"; };
		7888573E2AA209730052B4D3 /* FeedUIIntegrationTests.swift */ = {isa = PBXFileReference; fileEncoding = 4; lastKnownFileType = sourcecode.swift; path = FeedUIIntegrationTests.swift; sourceTree = "<group>"; };
		788857422AA20A5C0052B4D3 /* MainQueueDispatchDecorator.swift */ = {isa = PBXFileReference; lastKnownFileType = sourcecode.swift; path = MainQueueDispatchDecorator.swift; sourceTree = "<group>"; };
		788857432AA20A5C0052B4D3 /* FeedUIComposer.swift */ = {isa = PBXFileReference; lastKnownFileType = sourcecode.swift; path = FeedUIComposer.swift; sourceTree = "<group>"; };
		7893DF152AA4AB8200437058 /* FeedAcceptenceTest.swift */ = {isa = PBXFileReference; lastKnownFileType = sourcecode.swift; path = FeedAcceptenceTest.swift; sourceTree = "<group>"; };
		78982DF42AB03E45005BDAF6 /* UIView+TestHelpers.swift */ = {isa = PBXFileReference; lastKnownFileType = sourcecode.swift; path = "UIView+TestHelpers.swift"; sourceTree = "<group>"; };
		789C52B12AB99B8400838AC7 /* CommentsUIIntegrationTests.swift */ = {isa = PBXFileReference; lastKnownFileType = sourcecode.swift; path = CommentsUIIntegrationTests.swift; sourceTree = "<group>"; };
		789C52B32AB9A37A00838AC7 /* CommentsUIComposer.swift */ = {isa = PBXFileReference; lastKnownFileType = sourcecode.swift; path = CommentsUIComposer.swift; sourceTree = "<group>"; };
		789C52B52AB9ACF900838AC7 /* XCTestCase+Helpers.swift */ = {isa = PBXFileReference; lastKnownFileType = sourcecode.swift; path = "XCTestCase+Helpers.swift"; sourceTree = "<group>"; };
		789C52B72AB9AD7B00838AC7 /* FeedUIIntegration+LoaderSpy.swift */ = {isa = PBXFileReference; lastKnownFileType = sourcecode.swift; path = "FeedUIIntegration+LoaderSpy.swift"; sourceTree = "<group>"; };
		789CFBBB2A83467E0095E031 /* EssentialApp.app */ = {isa = PBXFileReference; explicitFileType = wrapper.application; includeInIndex = 0; path = EssentialApp.app; sourceTree = BUILT_PRODUCTS_DIR; };
		789CFBBE2A83467E0095E031 /* AppDelegate.swift */ = {isa = PBXFileReference; lastKnownFileType = sourcecode.swift; path = AppDelegate.swift; sourceTree = "<group>"; };
		789CFBC02A83467E0095E031 /* SceneDelegate.swift */ = {isa = PBXFileReference; lastKnownFileType = sourcecode.swift; path = SceneDelegate.swift; sourceTree = "<group>"; };
		789CFBC22A83467E0095E031 /* ViewController.swift */ = {isa = PBXFileReference; lastKnownFileType = sourcecode.swift; path = ViewController.swift; sourceTree = "<group>"; };
		789CFBC72A8346910095E031 /* Assets.xcassets */ = {isa = PBXFileReference; lastKnownFileType = folder.assetcatalog; path = Assets.xcassets; sourceTree = "<group>"; };
		789CFBCA2A8346910095E031 /* Base */ = {isa = PBXFileReference; lastKnownFileType = file.storyboard; name = Base; path = Base.lproj/LaunchScreen.storyboard; sourceTree = "<group>"; };
		789CFBCC2A8346910095E031 /* Info.plist */ = {isa = PBXFileReference; lastKnownFileType = text.plist.xml; path = Info.plist; sourceTree = "<group>"; };
		78FE02432A85ECAE00328B03 /* FeedLoaderCacheDecoratorTest.swift */ = {isa = PBXFileReference; lastKnownFileType = sourcecode.swift; path = FeedLoaderCacheDecoratorTest.swift; sourceTree = "<group>"; };
		78FE02452A85EFD800328B03 /* FeedLoaderStub.swift */ = {isa = PBXFileReference; lastKnownFileType = sourcecode.swift; path = FeedLoaderStub.swift; sourceTree = "<group>"; };
		78FE02472A85F19200328B03 /* XCTestCase+FeedLoader.swift */ = {isa = PBXFileReference; lastKnownFileType = sourcecode.swift; path = "XCTestCase+FeedLoader.swift"; sourceTree = "<group>"; };
		78FE024B2A86002900328B03 /* FeedLoaderCacheDecorator.swift */ = {isa = PBXFileReference; lastKnownFileType = sourcecode.swift; path = FeedLoaderCacheDecorator.swift; sourceTree = "<group>"; };
		78FE024F2A8639F800328B03 /* FeedImageDataLoaderSpy.swift */ = {isa = PBXFileReference; lastKnownFileType = sourcecode.swift; path = FeedImageDataLoaderSpy.swift; sourceTree = "<group>"; };
		78FE02512A8740E000328B03 /* XCTestCase+FeedImageDataLoader.swift */ = {isa = PBXFileReference; lastKnownFileType = sourcecode.swift; path = "XCTestCase+FeedImageDataLoader.swift"; sourceTree = "<group>"; };
		78FE02532A87453B00328B03 /* FeedImageDataLoaderCacheDecoratorTest.swift */ = {isa = PBXFileReference; lastKnownFileType = sourcecode.swift; path = FeedImageDataLoaderCacheDecoratorTest.swift; sourceTree = "<group>"; };
		78FE02572A87482D00328B03 /* FeedImageDataLoaderCacheDecorator.swift */ = {isa = PBXFileReference; lastKnownFileType = sourcecode.swift; path = FeedImageDataLoaderCacheDecorator.swift; sourceTree = "<group>"; };
		78FE025D2A8750A900328B03 /* EssentialAppUIAcceptenceTests.xctest */ = {isa = PBXFileReference; explicitFileType = wrapper.cfbundle; includeInIndex = 0; path = EssentialAppUIAcceptenceTests.xctest; sourceTree = BUILT_PRODUCTS_DIR; };
/* End PBXFileReference section */

/* Begin PBXFrameworksBuildPhase section */
		7804F1712A83583300F6AC60 /* Frameworks */ = {
			isa = PBXFrameworksBuildPhase;
			buildActionMask = 2147483647;
			files = (
			);
			runOnlyForDeploymentPostprocessing = 0;
		};
		789CFBB82A83467E0095E031 /* Frameworks */ = {
			isa = PBXFrameworksBuildPhase;
			buildActionMask = 2147483647;
			files = (
				7804F16A2A834E0A00F6AC60 /* EssentialFeedIOS.framework in Frameworks */,
				7804F16E2A834E1400F6AC60 /* EssentialFeeds.framework in Frameworks */,
			);
			runOnlyForDeploymentPostprocessing = 0;
		};
		78FE025A2A8750A900328B03 /* Frameworks */ = {
			isa = PBXFrameworksBuildPhase;
			buildActionMask = 2147483647;
			files = (
			);
			runOnlyForDeploymentPostprocessing = 0;
		};
/* End PBXFrameworksBuildPhase section */

/* Begin PBXGroup section */
		7804F1682A834E0A00F6AC60 /* Frameworks */ = {
			isa = PBXGroup;
			children = (
				7804F16D2A834E1400F6AC60 /* EssentialFeeds.framework */,
				7804F1692A834E0A00F6AC60 /* EssentialFeedIOS.framework */,
			);
			name = Frameworks;
			sourceTree = "<group>";
		};
		7804F1752A83583300F6AC60 /* EssentialAppTests */ = {
			isa = PBXGroup;
			children = (
				7804F1832A84F0C400F6AC60 /* Helpers */,
				7804F1762A83583300F6AC60 /* RemoteWithLocalFallbackFeedLoaderTest.swift */,
				7804F17F2A84B2C800F6AC60 /* FeedImageDataLoaderWithFallbackCompositeTests.swift */,
				78FE02432A85ECAE00328B03 /* FeedLoaderCacheDecoratorTest.swift */,
				78FE02532A87453B00328B03 /* FeedImageDataLoaderCacheDecoratorTest.swift */,
				788857382AA1F88E0052B4D3 /* SceneDelegateTest.swift */,
				7893DF152AA4AB8200437058 /* FeedAcceptenceTest.swift */,
				7888573E2AA209730052B4D3 /* FeedUIIntegrationTests.swift */,
				789C52B12AB99B8400838AC7 /* CommentsUIIntegrationTests.swift */,
			);
			path = EssentialAppTests;
			sourceTree = "<group>";
		};
		7804F1832A84F0C400F6AC60 /* Helpers */ = {
			isa = PBXGroup;
			children = (
				7804F1842A84F0E300F6AC60 /* XCTestCase+MemoryLeak.swift */,
				7804F1862A84F16500F6AC60 /* SharedTestHelpers.swift */,
				78FE02452A85EFD800328B03 /* FeedLoaderStub.swift */,
				78FE02472A85F19200328B03 /* XCTestCase+FeedLoader.swift */,
				78FE024F2A8639F800328B03 /* FeedImageDataLoaderSpy.swift */,
				78FE02512A8740E000328B03 /* XCTestCase+FeedImageDataLoader.swift */,
				78110B152AA7550A0095FED7 /* HTTPClientStub.swift */,
				78110B172AA755900095FED7 /* InMemoryFeedStore.swift */,
				78982DF42AB03E45005BDAF6 /* UIView+TestHelpers.swift */,
				789C52B52AB9ACF900838AC7 /* XCTestCase+Helpers.swift */,
				789C52B72AB9AD7B00838AC7 /* FeedUIIntegration+LoaderSpy.swift */,
			);
			path = Helpers;
			sourceTree = "<group>";
		};
		789CFBB22A83467E0095E031 = {
			isa = PBXGroup;
			children = (
				789CFBBD2A83467E0095E031 /* EssentialApp */,
				7804F1752A83583300F6AC60 /* EssentialAppTests */,
				78FE025E2A8750A900328B03 /* EssentialAppUIAcceptenceTests */,
				789CFBBC2A83467E0095E031 /* Products */,
				7804F1682A834E0A00F6AC60 /* Frameworks */,
			);
			sourceTree = "<group>";
		};
		789CFBBC2A83467E0095E031 /* Products */ = {
			isa = PBXGroup;
			children = (
				789CFBBB2A83467E0095E031 /* EssentialApp.app */,
				7804F1742A83583300F6AC60 /* EssentialAppTests.xctest */,
				78FE025D2A8750A900328B03 /* EssentialAppUIAcceptenceTests.xctest */,
			);
			name = Products;
			sourceTree = "<group>";
		};
		789CFBBD2A83467E0095E031 /* EssentialApp */ = {
			isa = PBXGroup;
			children = (
				788857432AA20A5C0052B4D3 /* FeedUIComposer.swift */,
				788857422AA20A5C0052B4D3 /* MainQueueDispatchDecorator.swift */,
				789CFBBE2A83467E0095E031 /* AppDelegate.swift */,
				789CFBC02A83467E0095E031 /* SceneDelegate.swift */,
				789CFBC22A83467E0095E031 /* ViewController.swift */,
				789CFBC72A8346910095E031 /* Assets.xcassets */,
				789CFBC92A8346910095E031 /* LaunchScreen.storyboard */,
				789CFBCC2A8346910095E031 /* Info.plist */,
				7804F17D2A84AFAC00F6AC60 /* FeedLoaderWithFallbackComposite.swift */,
				7804F1812A84F01000F6AC60 /* FeedImageDataLoaderWithFallbackComposite.swift */,
				78FE024B2A86002900328B03 /* FeedLoaderCacheDecorator.swift */,
				78FE02572A87482D00328B03 /* FeedImageDataLoaderCacheDecorator.swift */,
				7879888D2AB1B1C600A9EFB9 /* CombineHelpers.swift */,
				789C52B32AB9A37A00838AC7 /* CommentsUIComposer.swift */,
			);
			path = EssentialApp;
			sourceTree = "<group>";
		};
		78FE025E2A8750A900328B03 /* EssentialAppUIAcceptenceTests */ = {
			isa = PBXGroup;
			children = (
			);
			path = EssentialAppUIAcceptenceTests;
			sourceTree = "<group>";
		};
/* End PBXGroup section */

/* Begin PBXNativeTarget section */
		7804F1732A83583300F6AC60 /* EssentialAppTests */ = {
			isa = PBXNativeTarget;
			buildConfigurationList = 7804F17C2A83583300F6AC60 /* Build configuration list for PBXNativeTarget "EssentialAppTests" */;
			buildPhases = (
				7804F1702A83583300F6AC60 /* Sources */,
				7804F1712A83583300F6AC60 /* Frameworks */,
				7804F1722A83583300F6AC60 /* Resources */,
			);
			buildRules = (
			);
			dependencies = (
				7804F1792A83583300F6AC60 /* PBXTargetDependency */,
			);
			name = EssentialAppTests;
			productName = EssentialAppTests;
			productReference = 7804F1742A83583300F6AC60 /* EssentialAppTests.xctest */;
			productType = "com.apple.product-type.bundle.unit-test";
		};
		789CFBBA2A83467E0095E031 /* EssentialApp */ = {
			isa = PBXNativeTarget;
			buildConfigurationList = 789CFBCF2A8346910095E031 /* Build configuration list for PBXNativeTarget "EssentialApp" */;
			buildPhases = (
				789CFBB72A83467E0095E031 /* Sources */,
				789CFBB82A83467E0095E031 /* Frameworks */,
				789CFBB92A83467E0095E031 /* Resources */,
				7804F16C2A834E0A00F6AC60 /* Embed Frameworks */,
			);
			buildRules = (
			);
			dependencies = (
			);
			name = EssentialApp;
			productName = EssentialApp;
			productReference = 789CFBBB2A83467E0095E031 /* EssentialApp.app */;
			productType = "com.apple.product-type.application";
		};
		78FE025C2A8750A900328B03 /* EssentialAppUIAcceptenceTests */ = {
			isa = PBXNativeTarget;
			buildConfigurationList = 78FE02652A8750AA00328B03 /* Build configuration list for PBXNativeTarget "EssentialAppUIAcceptenceTests" */;
			buildPhases = (
				78FE02592A8750A900328B03 /* Sources */,
				78FE025A2A8750A900328B03 /* Frameworks */,
				78FE025B2A8750A900328B03 /* Resources */,
			);
			buildRules = (
			);
			dependencies = (
				78FE02642A8750AA00328B03 /* PBXTargetDependency */,
			);
			name = EssentialAppUIAcceptenceTests;
			productName = EssentialAppUIAcceptenceTests;
			productReference = 78FE025D2A8750A900328B03 /* EssentialAppUIAcceptenceTests.xctest */;
			productType = "com.apple.product-type.bundle.ui-testing";
		};
/* End PBXNativeTarget section */

/* Begin PBXProject section */
		789CFBB32A83467E0095E031 /* Project object */ = {
			isa = PBXProject;
			attributes = {
				BuildIndependentTargetsInParallel = 1;
				LastSwiftUpdateCheck = 1420;
				LastUpgradeCheck = 1420;
				TargetAttributes = {
					7804F1732A83583300F6AC60 = {
						CreatedOnToolsVersion = 14.2;
						TestTargetID = 789CFBBA2A83467E0095E031;
					};
					789CFBBA2A83467E0095E031 = {
						CreatedOnToolsVersion = 14.2;
					};
					78FE025C2A8750A900328B03 = {
						CreatedOnToolsVersion = 14.2;
						TestTargetID = 789CFBBA2A83467E0095E031;
					};
				};
			};
			buildConfigurationList = 789CFBB62A83467E0095E031 /* Build configuration list for PBXProject "EssentialApp" */;
			compatibilityVersion = "Xcode 14.0";
			developmentRegion = en;
			hasScannedForEncodings = 0;
			knownRegions = (
				en,
				Base,
			);
			mainGroup = 789CFBB22A83467E0095E031;
			productRefGroup = 789CFBBC2A83467E0095E031 /* Products */;
			projectDirPath = "";
			projectRoot = "";
			targets = (
				789CFBBA2A83467E0095E031 /* EssentialApp */,
				7804F1732A83583300F6AC60 /* EssentialAppTests */,
				78FE025C2A8750A900328B03 /* EssentialAppUIAcceptenceTests */,
			);
		};
/* End PBXProject section */

/* Begin PBXResourcesBuildPhase section */
		7804F1722A83583300F6AC60 /* Resources */ = {
			isa = PBXResourcesBuildPhase;
			buildActionMask = 2147483647;
			files = (
			);
			runOnlyForDeploymentPostprocessing = 0;
		};
		789CFBB92A83467E0095E031 /* Resources */ = {
			isa = PBXResourcesBuildPhase;
			buildActionMask = 2147483647;
			files = (
				789CFBCB2A8346910095E031 /* LaunchScreen.storyboard in Resources */,
				789CFBC82A8346910095E031 /* Assets.xcassets in Resources */,
			);
			runOnlyForDeploymentPostprocessing = 0;
		};
		78FE025B2A8750A900328B03 /* Resources */ = {
			isa = PBXResourcesBuildPhase;
			buildActionMask = 2147483647;
			files = (
			);
			runOnlyForDeploymentPostprocessing = 0;
		};
/* End PBXResourcesBuildPhase section */

/* Begin PBXSourcesBuildPhase section */
		7804F1702A83583300F6AC60 /* Sources */ = {
			isa = PBXSourcesBuildPhase;
			buildActionMask = 2147483647;
			files = (
				78982DF52AB03E45005BDAF6 /* UIView+TestHelpers.swift in Sources */,
				7804F1872A84F16500F6AC60 /* SharedTestHelpers.swift in Sources */,
				789C52B62AB9ACF900838AC7 /* XCTestCase+Helpers.swift in Sources */,
				789C52B22AB99B8400838AC7 /* CommentsUIIntegrationTests.swift in Sources */,
				788857392AA1F88E0052B4D3 /* SceneDelegateTest.swift in Sources */,
				7893DF162AA4AB8200437058 /* FeedAcceptenceTest.swift in Sources */,
				78110B182AA755900095FED7 /* InMemoryFeedStore.swift in Sources */,
				78110B162AA7550A0095FED7 /* HTTPClientStub.swift in Sources */,
				78FE02542A87453B00328B03 /* FeedImageDataLoaderCacheDecoratorTest.swift in Sources */,
				78FE02482A85F19200328B03 /* XCTestCase+FeedLoader.swift in Sources */,
				7888573F2AA209740052B4D3 /* FeedUIIntegrationTests.swift in Sources */,
				789C52B82AB9AD7B00838AC7 /* FeedUIIntegration+LoaderSpy.swift in Sources */,
				7804F1802A84B2C800F6AC60 /* FeedImageDataLoaderWithFallbackCompositeTests.swift in Sources */,
				78FE02522A8740E000328B03 /* XCTestCase+FeedImageDataLoader.swift in Sources */,
				78FE02442A85ECAE00328B03 /* FeedLoaderCacheDecoratorTest.swift in Sources */,
				78FE02502A8639F800328B03 /* FeedImageDataLoaderSpy.swift in Sources */,
				7804F1852A84F0E300F6AC60 /* XCTestCase+MemoryLeak.swift in Sources */,
				78FE02462A85EFD800328B03 /* FeedLoaderStub.swift in Sources */,
				7804F1772A83583300F6AC60 /* RemoteWithLocalFallbackFeedLoaderTest.swift in Sources */,
			);
			runOnlyForDeploymentPostprocessing = 0;
		};
		789CFBB72A83467E0095E031 /* Sources */ = {
			isa = PBXSourcesBuildPhase;
			buildActionMask = 2147483647;
			files = (
				789CFBC32A83467E0095E031 /* ViewController.swift in Sources */,
				789C52B42AB9A37A00838AC7 /* CommentsUIComposer.swift in Sources */,
				788857442AA20A5D0052B4D3 /* MainQueueDispatchDecorator.swift in Sources */,
				789CFBBF2A83467E0095E031 /* AppDelegate.swift in Sources */,
				7879888E2AB1B1C600A9EFB9 /* CombineHelpers.swift in Sources */,
				7804F17E2A84AFAC00F6AC60 /* FeedLoaderWithFallbackComposite.swift in Sources */,
				78FE024C2A86002900328B03 /* FeedLoaderCacheDecorator.swift in Sources */,
				789CFBC12A83467E0095E031 /* SceneDelegate.swift in Sources */,
				7804F1822A84F01100F6AC60 /* FeedImageDataLoaderWithFallbackComposite.swift in Sources */,
				78FE02582A87482D00328B03 /* FeedImageDataLoaderCacheDecorator.swift in Sources */,
				788857452AA20A5D0052B4D3 /* FeedUIComposer.swift in Sources */,
			);
			runOnlyForDeploymentPostprocessing = 0;
		};
		78FE02592A8750A900328B03 /* Sources */ = {
			isa = PBXSourcesBuildPhase;
			buildActionMask = 2147483647;
			files = (
			);
			runOnlyForDeploymentPostprocessing = 0;
		};
/* End PBXSourcesBuildPhase section */

/* Begin PBXTargetDependency section */
		7804F1792A83583300F6AC60 /* PBXTargetDependency */ = {
			isa = PBXTargetDependency;
			target = 789CFBBA2A83467E0095E031 /* EssentialApp */;
			targetProxy = 7804F1782A83583300F6AC60 /* PBXContainerItemProxy */;
		};
		78FE02642A8750AA00328B03 /* PBXTargetDependency */ = {
			isa = PBXTargetDependency;
			target = 789CFBBA2A83467E0095E031 /* EssentialApp */;
			targetProxy = 78FE02632A8750AA00328B03 /* PBXContainerItemProxy */;
		};
/* End PBXTargetDependency section */

/* Begin PBXVariantGroup section */
		789CFBC92A8346910095E031 /* LaunchScreen.storyboard */ = {
			isa = PBXVariantGroup;
			children = (
				789CFBCA2A8346910095E031 /* Base */,
			);
			name = LaunchScreen.storyboard;
			sourceTree = "<group>";
		};
/* End PBXVariantGroup section */

/* Begin XCBuildConfiguration section */
		7804F17A2A83583300F6AC60 /* Debug */ = {
			isa = XCBuildConfiguration;
			buildSettings = {
				BUNDLE_LOADER = "$(TEST_HOST)";
				CODE_SIGN_STYLE = Automatic;
				CURRENT_PROJECT_VERSION = 1;
				GENERATE_INFOPLIST_FILE = YES;
				MARKETING_VERSION = 1.0;
				PRODUCT_BUNDLE_IDENTIFIER = com.myself.EssentialAppTests;
				PRODUCT_NAME = "$(TARGET_NAME)";
				SWIFT_EMIT_LOC_STRINGS = NO;
				SWIFT_VERSION = 5.0;
				TARGETED_DEVICE_FAMILY = "1,2";
				TEST_HOST = "$(BUILT_PRODUCTS_DIR)/EssentialApp.app/$(BUNDLE_EXECUTABLE_FOLDER_PATH)/EssentialApp";
			};
			name = Debug;
		};
		7804F17B2A83583300F6AC60 /* Release */ = {
			isa = XCBuildConfiguration;
			buildSettings = {
				BUNDLE_LOADER = "$(TEST_HOST)";
				CODE_SIGN_STYLE = Automatic;
				CURRENT_PROJECT_VERSION = 1;
				GENERATE_INFOPLIST_FILE = YES;
				MARKETING_VERSION = 1.0;
				PRODUCT_BUNDLE_IDENTIFIER = com.myself.EssentialAppTests;
				PRODUCT_NAME = "$(TARGET_NAME)";
				SWIFT_EMIT_LOC_STRINGS = NO;
				SWIFT_VERSION = 5.0;
				TARGETED_DEVICE_FAMILY = "1,2";
				TEST_HOST = "$(BUILT_PRODUCTS_DIR)/EssentialApp.app/$(BUNDLE_EXECUTABLE_FOLDER_PATH)/EssentialApp";
			};
			name = Release;
		};
		789CFBCD2A8346910095E031 /* Debug */ = {
			isa = XCBuildConfiguration;
			buildSettings = {
				ALWAYS_SEARCH_USER_PATHS = NO;
				CLANG_ANALYZER_NONNULL = YES;
				CLANG_ANALYZER_NUMBER_OBJECT_CONVERSION = YES_AGGRESSIVE;
				CLANG_CXX_LANGUAGE_STANDARD = "gnu++20";
				CLANG_ENABLE_MODULES = YES;
				CLANG_ENABLE_OBJC_ARC = YES;
				CLANG_ENABLE_OBJC_WEAK = YES;
				CLANG_WARN_BLOCK_CAPTURE_AUTORELEASING = YES;
				CLANG_WARN_BOOL_CONVERSION = YES;
				CLANG_WARN_COMMA = YES;
				CLANG_WARN_CONSTANT_CONVERSION = YES;
				CLANG_WARN_DEPRECATED_OBJC_IMPLEMENTATIONS = YES;
				CLANG_WARN_DIRECT_OBJC_ISA_USAGE = YES_ERROR;
				CLANG_WARN_DOCUMENTATION_COMMENTS = YES;
				CLANG_WARN_EMPTY_BODY = YES;
				CLANG_WARN_ENUM_CONVERSION = YES;
				CLANG_WARN_INFINITE_RECURSION = YES;
				CLANG_WARN_INT_CONVERSION = YES;
				CLANG_WARN_NON_LITERAL_NULL_CONVERSION = YES;
				CLANG_WARN_OBJC_IMPLICIT_RETAIN_SELF = YES;
				CLANG_WARN_OBJC_LITERAL_CONVERSION = YES;
				CLANG_WARN_OBJC_ROOT_CLASS = YES_ERROR;
				CLANG_WARN_QUOTED_INCLUDE_IN_FRAMEWORK_HEADER = YES;
				CLANG_WARN_RANGE_LOOP_ANALYSIS = YES;
				CLANG_WARN_STRICT_PROTOTYPES = YES;
				CLANG_WARN_SUSPICIOUS_MOVE = YES;
				CLANG_WARN_UNGUARDED_AVAILABILITY = YES_AGGRESSIVE;
				CLANG_WARN_UNREACHABLE_CODE = YES;
				CLANG_WARN__DUPLICATE_METHOD_MATCH = YES;
				COPY_PHASE_STRIP = NO;
				DEBUG_INFORMATION_FORMAT = dwarf;
				ENABLE_STRICT_OBJC_MSGSEND = YES;
				ENABLE_TESTABILITY = YES;
				GCC_C_LANGUAGE_STANDARD = gnu11;
				GCC_DYNAMIC_NO_PIC = NO;
				GCC_NO_COMMON_BLOCKS = YES;
				GCC_OPTIMIZATION_LEVEL = 0;
				GCC_PREPROCESSOR_DEFINITIONS = (
					"DEBUG=1",
					"$(inherited)",
				);
				GCC_WARN_64_TO_32_BIT_CONVERSION = YES;
				GCC_WARN_ABOUT_RETURN_TYPE = YES_ERROR;
				GCC_WARN_UNDECLARED_SELECTOR = YES;
				GCC_WARN_UNINITIALIZED_AUTOS = YES_AGGRESSIVE;
				GCC_WARN_UNUSED_FUNCTION = YES;
				GCC_WARN_UNUSED_VARIABLE = YES;
				IPHONEOS_DEPLOYMENT_TARGET = 16.2;
				MTL_ENABLE_DEBUG_INFO = INCLUDE_SOURCE;
				MTL_FAST_MATH = YES;
				ONLY_ACTIVE_ARCH = YES;
				SDKROOT = iphoneos;
				SWIFT_ACTIVE_COMPILATION_CONDITIONS = DEBUG;
				SWIFT_OPTIMIZATION_LEVEL = "-Onone";
			};
			name = Debug;
		};
		789CFBCE2A8346910095E031 /* Release */ = {
			isa = XCBuildConfiguration;
			buildSettings = {
				ALWAYS_SEARCH_USER_PATHS = NO;
				CLANG_ANALYZER_NONNULL = YES;
				CLANG_ANALYZER_NUMBER_OBJECT_CONVERSION = YES_AGGRESSIVE;
				CLANG_CXX_LANGUAGE_STANDARD = "gnu++20";
				CLANG_ENABLE_MODULES = YES;
				CLANG_ENABLE_OBJC_ARC = YES;
				CLANG_ENABLE_OBJC_WEAK = YES;
				CLANG_WARN_BLOCK_CAPTURE_AUTORELEASING = YES;
				CLANG_WARN_BOOL_CONVERSION = YES;
				CLANG_WARN_COMMA = YES;
				CLANG_WARN_CONSTANT_CONVERSION = YES;
				CLANG_WARN_DEPRECATED_OBJC_IMPLEMENTATIONS = YES;
				CLANG_WARN_DIRECT_OBJC_ISA_USAGE = YES_ERROR;
				CLANG_WARN_DOCUMENTATION_COMMENTS = YES;
				CLANG_WARN_EMPTY_BODY = YES;
				CLANG_WARN_ENUM_CONVERSION = YES;
				CLANG_WARN_INFINITE_RECURSION = YES;
				CLANG_WARN_INT_CONVERSION = YES;
				CLANG_WARN_NON_LITERAL_NULL_CONVERSION = YES;
				CLANG_WARN_OBJC_IMPLICIT_RETAIN_SELF = YES;
				CLANG_WARN_OBJC_LITERAL_CONVERSION = YES;
				CLANG_WARN_OBJC_ROOT_CLASS = YES_ERROR;
				CLANG_WARN_QUOTED_INCLUDE_IN_FRAMEWORK_HEADER = YES;
				CLANG_WARN_RANGE_LOOP_ANALYSIS = YES;
				CLANG_WARN_STRICT_PROTOTYPES = YES;
				CLANG_WARN_SUSPICIOUS_MOVE = YES;
				CLANG_WARN_UNGUARDED_AVAILABILITY = YES_AGGRESSIVE;
				CLANG_WARN_UNREACHABLE_CODE = YES;
				CLANG_WARN__DUPLICATE_METHOD_MATCH = YES;
				COPY_PHASE_STRIP = NO;
				DEBUG_INFORMATION_FORMAT = "dwarf-with-dsym";
				ENABLE_NS_ASSERTIONS = NO;
				ENABLE_STRICT_OBJC_MSGSEND = YES;
				GCC_C_LANGUAGE_STANDARD = gnu11;
				GCC_NO_COMMON_BLOCKS = YES;
				GCC_WARN_64_TO_32_BIT_CONVERSION = YES;
				GCC_WARN_ABOUT_RETURN_TYPE = YES_ERROR;
				GCC_WARN_UNDECLARED_SELECTOR = YES;
				GCC_WARN_UNINITIALIZED_AUTOS = YES_AGGRESSIVE;
				GCC_WARN_UNUSED_FUNCTION = YES;
				GCC_WARN_UNUSED_VARIABLE = YES;
				IPHONEOS_DEPLOYMENT_TARGET = 16.2;
				MTL_ENABLE_DEBUG_INFO = NO;
				MTL_FAST_MATH = YES;
				SDKROOT = iphoneos;
				SWIFT_COMPILATION_MODE = wholemodule;
				SWIFT_OPTIMIZATION_LEVEL = "-O";
				VALIDATE_PRODUCT = YES;
			};
			name = Release;
		};
		789CFBD02A8346910095E031 /* Debug */ = {
			isa = XCBuildConfiguration;
			buildSettings = {
				ASSETCATALOG_COMPILER_APPICON_NAME = AppIcon;
				ASSETCATALOG_COMPILER_GLOBAL_ACCENT_COLOR_NAME = AccentColor;
				CODE_SIGN_STYLE = Automatic;
				CURRENT_PROJECT_VERSION = 1;
				GENERATE_INFOPLIST_FILE = YES;
				INFOPLIST_FILE = EssentialApp/Info.plist;
				INFOPLIST_KEY_UIApplicationSupportsIndirectInputEvents = YES;
				INFOPLIST_KEY_UILaunchStoryboardName = LaunchScreen;
				INFOPLIST_KEY_UIMainStoryboardFile = "";
				INFOPLIST_KEY_UISupportedInterfaceOrientations = UIInterfaceOrientationPortrait;
				LD_RUNPATH_SEARCH_PATHS = (
					"$(inherited)",
					"@executable_path/Frameworks",
				);
				MARKETING_VERSION = 1.0;
				PRODUCT_BUNDLE_IDENTIFIER = com.myself.EssentialApp;
				PRODUCT_NAME = "$(TARGET_NAME)";
				SWIFT_EMIT_LOC_STRINGS = YES;
				SWIFT_VERSION = 5.0;
				TARGETED_DEVICE_FAMILY = "1,2";
			};
			name = Debug;
		};
		789CFBD12A8346910095E031 /* Release */ = {
			isa = XCBuildConfiguration;
			buildSettings = {
				ASSETCATALOG_COMPILER_APPICON_NAME = AppIcon;
				ASSETCATALOG_COMPILER_GLOBAL_ACCENT_COLOR_NAME = AccentColor;
				CODE_SIGN_STYLE = Automatic;
				CURRENT_PROJECT_VERSION = 1;
				GENERATE_INFOPLIST_FILE = YES;
				INFOPLIST_FILE = EssentialApp/Info.plist;
				INFOPLIST_KEY_UIApplicationSupportsIndirectInputEvents = YES;
				INFOPLIST_KEY_UILaunchStoryboardName = LaunchScreen;
				INFOPLIST_KEY_UIMainStoryboardFile = "";
				INFOPLIST_KEY_UISupportedInterfaceOrientations = UIInterfaceOrientationPortrait;
				LD_RUNPATH_SEARCH_PATHS = (
					"$(inherited)",
					"@executable_path/Frameworks",
				);
				MARKETING_VERSION = 1.0;
				PRODUCT_BUNDLE_IDENTIFIER = com.myself.EssentialApp;
				PRODUCT_NAME = "$(TARGET_NAME)";
				SWIFT_EMIT_LOC_STRINGS = YES;
				SWIFT_VERSION = 5.0;
				TARGETED_DEVICE_FAMILY = "1,2";
			};
			name = Release;
		};
		78FE02662A8750AA00328B03 /* Debug */ = {
			isa = XCBuildConfiguration;
			buildSettings = {
				CODE_SIGN_STYLE = Automatic;
				CURRENT_PROJECT_VERSION = 1;
				GENERATE_INFOPLIST_FILE = YES;
				MARKETING_VERSION = 1.0;
				PRODUCT_BUNDLE_IDENTIFIER = com.myself.EssentialAppUIAcceptenceTests;
				PRODUCT_NAME = "$(TARGET_NAME)";
				SWIFT_EMIT_LOC_STRINGS = NO;
				SWIFT_VERSION = 5.0;
				TARGETED_DEVICE_FAMILY = "1,2";
				TEST_TARGET_NAME = EssentialApp;
			};
			name = Debug;
		};
		78FE02672A8750AA00328B03 /* Release */ = {
			isa = XCBuildConfiguration;
			buildSettings = {
				CODE_SIGN_STYLE = Automatic;
				CURRENT_PROJECT_VERSION = 1;
				GENERATE_INFOPLIST_FILE = YES;
				MARKETING_VERSION = 1.0;
				PRODUCT_BUNDLE_IDENTIFIER = com.myself.EssentialAppUIAcceptenceTests;
				PRODUCT_NAME = "$(TARGET_NAME)";
				SWIFT_EMIT_LOC_STRINGS = NO;
				SWIFT_VERSION = 5.0;
				TARGETED_DEVICE_FAMILY = "1,2";
				TEST_TARGET_NAME = EssentialApp;
			};
			name = Release;
		};
/* End XCBuildConfiguration section */

/* Begin XCConfigurationList section */
		7804F17C2A83583300F6AC60 /* Build configuration list for PBXNativeTarget "EssentialAppTests" */ = {
			isa = XCConfigurationList;
			buildConfigurations = (
				7804F17A2A83583300F6AC60 /* Debug */,
				7804F17B2A83583300F6AC60 /* Release */,
			);
			defaultConfigurationIsVisible = 0;
			defaultConfigurationName = Release;
		};
		789CFBB62A83467E0095E031 /* Build configuration list for PBXProject "EssentialApp" */ = {
			isa = XCConfigurationList;
			buildConfigurations = (
				789CFBCD2A8346910095E031 /* Debug */,
				789CFBCE2A8346910095E031 /* Release */,
			);
			defaultConfigurationIsVisible = 0;
			defaultConfigurationName = Release;
		};
		789CFBCF2A8346910095E031 /* Build configuration list for PBXNativeTarget "EssentialApp" */ = {
			isa = XCConfigurationList;
			buildConfigurations = (
				789CFBD02A8346910095E031 /* Debug */,
				789CFBD12A8346910095E031 /* Release */,
			);
			defaultConfigurationIsVisible = 0;
			defaultConfigurationName = Release;
		};
		78FE02652A8750AA00328B03 /* Build configuration list for PBXNativeTarget "EssentialAppUIAcceptenceTests" */ = {
			isa = XCConfigurationList;
			buildConfigurations = (
				78FE02662A8750AA00328B03 /* Debug */,
				78FE02672A8750AA00328B03 /* Release */,
			);
			defaultConfigurationIsVisible = 0;
			defaultConfigurationName = Release;
		};
/* End XCConfigurationList section */
	};
	rootObject = 789CFBB32A83467E0095E031 /* Project object */;
}
